// !$*UTF8*$!
{
	archiveVersion = 1;
	classes = {
	};
	objectVersion = 50;
	objects = {

/* Begin PBXBuildFile section */
		F263F83F260B725A001DDA77 /* AppDelegate.swift in Sources */ = {isa = PBXBuildFile; fileRef = F263F83E260B725A001DDA77 /* AppDelegate.swift */; };
		F263F841260B725A001DDA77 /* SceneDelegate.swift in Sources */ = {isa = PBXBuildFile; fileRef = F263F840260B725A001DDA77 /* SceneDelegate.swift */; };
		F263F843260B725A001DDA77 /* ViewController.swift in Sources */ = {isa = PBXBuildFile; fileRef = F263F842260B725A001DDA77 /* ViewController.swift */; };
		F263F846260B725A001DDA77 /* Main.storyboard in Resources */ = {isa = PBXBuildFile; fileRef = F263F844260B725A001DDA77 /* Main.storyboard */; };
		F263F848260B725B001DDA77 /* Assets.xcassets in Resources */ = {isa = PBXBuildFile; fileRef = F263F847260B725B001DDA77 /* Assets.xcassets */; };
		F263F84B260B725B001DDA77 /* LaunchScreen.storyboard in Resources */ = {isa = PBXBuildFile; fileRef = F263F849260B725B001DDA77 /* LaunchScreen.storyboard */; };
		F263F854260B72CB001DDA77 /* MemoryItem.swift in Sources */ = {isa = PBXBuildFile; fileRef = F263F853260B72CB001DDA77 /* MemoryItem.swift */; };
		F263F857260B774F001DDA77 /* Items.json in Resources */ = {isa = PBXBuildFile; fileRef = F263F856260B774F001DDA77 /* Items.json */; };
		F263F85A260B83B9001DDA77 /* MemoryViewController.swift in Sources */ = {isa = PBXBuildFile; fileRef = F263F859260B83B9001DDA77 /* MemoryViewController.swift */; };
		F263F85D260CBA5D001DDA77 /* MemoryDataSource.swift in Sources */ = {isa = PBXBuildFile; fileRef = F263F85C260CBA5D001DDA77 /* MemoryDataSource.swift */; };
/* End PBXBuildFile section */

/* Begin PBXFileReference section */
		F263F83B260B725A001DDA77 /* Memorize.app */ = {isa = PBXFileReference; explicitFileType = wrapper.application; includeInIndex = 0; path = Memorize.app; sourceTree = BUILT_PRODUCTS_DIR; };
		F263F83E260B725A001DDA77 /* AppDelegate.swift */ = {isa = PBXFileReference; lastKnownFileType = sourcecode.swift; path = AppDelegate.swift; sourceTree = "<group>"; };
		F263F840260B725A001DDA77 /* SceneDelegate.swift */ = {isa = PBXFileReference; lastKnownFileType = sourcecode.swift; path = SceneDelegate.swift; sourceTree = "<group>"; };
		F263F842260B725A001DDA77 /* ViewController.swift */ = {isa = PBXFileReference; lastKnownFileType = sourcecode.swift; path = ViewController.swift; sourceTree = "<group>"; };
		F263F845260B725A001DDA77 /* Base */ = {isa = PBXFileReference; lastKnownFileType = file.storyboard; name = Base; path = Base.lproj/Main.storyboard; sourceTree = "<group>"; };
		F263F847260B725B001DDA77 /* Assets.xcassets */ = {isa = PBXFileReference; lastKnownFileType = folder.assetcatalog; path = Assets.xcassets; sourceTree = "<group>"; };
		F263F84A260B725B001DDA77 /* Base */ = {isa = PBXFileReference; lastKnownFileType = file.storyboard; name = Base; path = Base.lproj/LaunchScreen.storyboard; sourceTree = "<group>"; };
		F263F84C260B725B001DDA77 /* Info.plist */ = {isa = PBXFileReference; lastKnownFileType = text.plist.xml; path = Info.plist; sourceTree = "<group>"; };
		F263F853260B72CB001DDA77 /* MemoryItem.swift */ = {isa = PBXFileReference; lastKnownFileType = sourcecode.swift; path = MemoryItem.swift; sourceTree = "<group>"; };
		F263F856260B774F001DDA77 /* Items.json */ = {isa = PBXFileReference; fileEncoding = 4; lastKnownFileType = text.json; path = Items.json; sourceTree = "<group>"; };
		F263F859260B83B9001DDA77 /* MemoryViewController.swift */ = {isa = PBXFileReference; lastKnownFileType = sourcecode.swift; path = MemoryViewController.swift; sourceTree = "<group>"; };
		F263F85C260CBA5D001DDA77 /* MemoryDataSource.swift */ = {isa = PBXFileReference; lastKnownFileType = sourcecode.swift; path = MemoryDataSource.swift; sourceTree = "<group>"; };
/* End PBXFileReference section */

/* Begin PBXFrameworksBuildPhase section */
		F263F838260B725A001DDA77 /* Frameworks */ = {
			isa = PBXFrameworksBuildPhase;
			buildActionMask = 2147483647;
			files = (
			);
			runOnlyForDeploymentPostprocessing = 0;
		};
/* End PBXFrameworksBuildPhase section */

/* Begin PBXGroup section */
		F263F832260B725A001DDA77 = {
			isa = PBXGroup;
			children = (
				F263F83D260B725A001DDA77 /* Memorize */,
				F263F83C260B725A001DDA77 /* Products */,
			);
			sourceTree = "<group>";
		};
		F263F83C260B725A001DDA77 /* Products */ = {
			isa = PBXGroup;
			children = (
				F263F83B260B725A001DDA77 /* Memorize.app */,
			);
			name = Products;
			sourceTree = "<group>";
		};
		F263F83D260B725A001DDA77 /* Memorize */ = {
			isa = PBXGroup;
			children = (
				F263F856260B774F001DDA77 /* Items.json */,
				F263F83E260B725A001DDA77 /* AppDelegate.swift */,
				F263F840260B725A001DDA77 /* SceneDelegate.swift */,
				F263F842260B725A001DDA77 /* ViewController.swift */,
				F263F859260B83B9001DDA77 /* MemoryViewController.swift */,
				F263F85C260CBA5D001DDA77 /* MemoryDataSource.swift */,
				F263F844260B725A001DDA77 /* Main.storyboard */,
				F263F847260B725B001DDA77 /* Assets.xcassets */,
				F263F849260B725B001DDA77 /* LaunchScreen.storyboard */,
				F263F84C260B725B001DDA77 /* Info.plist */,
				F263F853260B72CB001DDA77 /* MemoryItem.swift */,
			);
			path = Memorize;
			sourceTree = "<group>";
		};
/* End PBXGroup section */

/* Begin PBXNativeTarget section */
		F263F83A260B725A001DDA77 /* Memorize */ = {
			isa = PBXNativeTarget;
			buildConfigurationList = F263F84F260B725B001DDA77 /* Build configuration list for PBXNativeTarget "Memorize" */;
			buildPhases = (
				F263F837260B725A001DDA77 /* Sources */,
				F263F838260B725A001DDA77 /* Frameworks */,
				F263F839260B725A001DDA77 /* Resources */,
			);
			buildRules = (
			);
			dependencies = (
			);
			name = Memorize;
			productName = Memorize;
			productReference = F263F83B260B725A001DDA77 /* Memorize.app */;
			productType = "com.apple.product-type.application";
		};
/* End PBXNativeTarget section */

/* Begin PBXProject section */
		F263F833260B725A001DDA77 /* Project object */ = {
			isa = PBXProject;
			attributes = {
				LastSwiftUpdateCheck = 1230;
				LastUpgradeCheck = 1230;
				TargetAttributes = {
					F263F83A260B725A001DDA77 = {
						CreatedOnToolsVersion = 12.3;
					};
				};
			};
			buildConfigurationList = F263F836260B725A001DDA77 /* Build configuration list for PBXProject "Memorize" */;
			compatibilityVersion = "Xcode 9.3";
			developmentRegion = en;
			hasScannedForEncodings = 0;
			knownRegions = (
				en,
				Base,
			);
			mainGroup = F263F832260B725A001DDA77;
			productRefGroup = F263F83C260B725A001DDA77 /* Products */;
			projectDirPath = "";
			projectRoot = "";
			targets = (
				F263F83A260B725A001DDA77 /* Memorize */,
			);
		};
/* End PBXProject section */

/* Begin PBXResourcesBuildPhase section */
		F263F839260B725A001DDA77 /* Resources */ = {
			isa = PBXResourcesBuildPhase;
			buildActionMask = 2147483647;
			files = (
				F263F857260B774F001DDA77 /* Items.json in Resources */,
				F263F84B260B725B001DDA77 /* LaunchScreen.storyboard in Resources */,
				F263F848260B725B001DDA77 /* Assets.xcassets in Resources */,
				F263F846260B725A001DDA77 /* Main.storyboard in Resources */,
			);
			runOnlyForDeploymentPostprocessing = 0;
		};
/* End PBXResourcesBuildPhase section */

/* Begin PBXSourcesBuildPhase section */
		F263F837260B725A001DDA77 /* Sources */ = {
			isa = PBXSourcesBuildPhase;
			buildActionMask = 2147483647;
			files = (
				F263F843260B725A001DDA77 /* ViewController.swift in Sources */,
				F263F85D260CBA5D001DDA77 /* MemoryDataSource.swift in Sources */,
				F263F83F260B725A001DDA77 /* AppDelegate.swift in Sources */,
				F263F841260B725A001DDA77 /* SceneDelegate.swift in Sources */,
				F263F854260B72CB001DDA77 /* MemoryItem.swift in Sources */,
				F263F85A260B83B9001DDA77 /* MemoryViewController.swift in Sources */,
			);
			runOnlyForDeploymentPostprocessing = 0;
		};
/* End PBXSourcesBuildPhase section */

/* Begin PBXVariantGroup section */
		F263F844260B725A001DDA77 /* Main.storyboard */ = {
			isa = PBXVariantGroup;
			children = (
				F263F845260B725A001DDA77 /* Base */,
			);
			name = Main.storyboard;
			sourceTree = "<group>";
		};
		F263F849260B725B001DDA77 /* LaunchScreen.storyboard */ = {
			isa = PBXVariantGroup;
			children = (
				F263F84A260B725B001DDA77 /* Base */,
			);
			name = LaunchScreen.storyboard;
			sourceTree = "<group>";
		};
/* End PBXVariantGroup section */

/* Begin XCBuildConfiguration section */
		F263F84D260B725B001DDA77 /* Debug */ = {
			isa = XCBuildConfiguration;
			buildSettings = {
				ALWAYS_SEARCH_USER_PATHS = NO;
				CLANG_ANALYZER_NONNULL = YES;
				CLANG_ANALYZER_NUMBER_OBJECT_CONVERSION = YES_AGGRESSIVE;
				CLANG_CXX_LANGUAGE_STANDARD = "gnu++14";
				CLANG_CXX_LIBRARY = "libc++";
				CLANG_ENABLE_MODULES = YES;
				CLANG_ENABLE_OBJC_ARC = YES;
				CLANG_ENABLE_OBJC_WEAK = YES;
				CLANG_WARN_BLOCK_CAPTURE_AUTORELEASING = YES;
				CLANG_WARN_BOOL_CONVERSION = YES;
				CLANG_WARN_COMMA = YES;
				CLANG_WARN_CONSTANT_CONVERSION = YES;
				CLANG_WARN_DEPRECATED_OBJC_IMPLEMENTATIONS = YES;
				CLANG_WARN_DIRECT_OBJC_ISA_USAGE = YES_ERROR;
				CLANG_WARN_DOCUMENTATION_COMMENTS = YES;
				CLANG_WARN_EMPTY_BODY = YES;
				CLANG_WARN_ENUM_CONVERSION = YES;
				CLANG_WARN_INFINITE_RECURSION = YES;
				CLANG_WARN_INT_CONVERSION = YES;
				CLANG_WARN_NON_LITERAL_NULL_CONVERSION = YES;
				CLANG_WARN_OBJC_IMPLICIT_RETAIN_SELF = YES;
				CLANG_WARN_OBJC_LITERAL_CONVERSION = YES;
				CLANG_WARN_OBJC_ROOT_CLASS = YES_ERROR;
				CLANG_WARN_QUOTED_INCLUDE_IN_FRAMEWORK_HEADER = YES;
				CLANG_WARN_RANGE_LOOP_ANALYSIS = YES;
				CLANG_WARN_STRICT_PROTOTYPES = YES;
				CLANG_WARN_SUSPICIOUS_MOVE = YES;
				CLANG_WARN_UNGUARDED_AVAILABILITY = YES_AGGRESSIVE;
				CLANG_WARN_UNREACHABLE_CODE = YES;
				CLANG_WARN__DUPLICATE_METHOD_MATCH = YES;
				COPY_PHASE_STRIP = NO;
				DEBUG_INFORMATION_FORMAT = dwarf;
				ENABLE_STRICT_OBJC_MSGSEND = YES;
				ENABLE_TESTABILITY = YES;
				GCC_C_LANGUAGE_STANDARD = gnu11;
				GCC_DYNAMIC_NO_PIC = NO;
				GCC_NO_COMMON_BLOCKS = YES;
				GCC_OPTIMIZATION_LEVEL = 0;
				GCC_PREPROCESSOR_DEFINITIONS = (
					"DEBUG=1",
					"$(inherited)",
				);
				GCC_WARN_64_TO_32_BIT_CONVERSION = YES;
				GCC_WARN_ABOUT_RETURN_TYPE = YES_ERROR;
				GCC_WARN_UNDECLARED_SELECTOR = YES;
				GCC_WARN_UNINITIALIZED_AUTOS = YES_AGGRESSIVE;
				GCC_WARN_UNUSED_FUNCTION = YES;
				GCC_WARN_UNUSED_VARIABLE = YES;
				IPHONEOS_DEPLOYMENT_TARGET = 14.3;
				MTL_ENABLE_DEBUG_INFO = INCLUDE_SOURCE;
				MTL_FAST_MATH = YES;
				ONLY_ACTIVE_ARCH = YES;
				SDKROOT = iphoneos;
				SWIFT_ACTIVE_COMPILATION_CONDITIONS = DEBUG;
				SWIFT_OPTIMIZATION_LEVEL = "-Onone";
			};
			name = Debug;
		};
		F263F84E260B725B001DDA77 /* Release */ = {
			isa = XCBuildConfiguration;
			buildSettings = {
				ALWAYS_SEARCH_USER_PATHS = NO;
				CLANG_ANALYZER_NONNULL = YES;
				CLANG_ANALYZER_NUMBER_OBJECT_CONVERSION = YES_AGGRESSIVE;
				CLANG_CXX_LANGUAGE_STANDARD = "gnu++14";
				CLANG_CXX_LIBRARY = "libc++";
				CLANG_ENABLE_MODULES = YES;
				CLANG_ENABLE_OBJC_ARC = YES;
				CLANG_ENABLE_OBJC_WEAK = YES;
				CLANG_WARN_BLOCK_CAPTURE_AUTORELEASING = YES;
				CLANG_WARN_BOOL_CONVERSION = YES;
				CLANG_WARN_COMMA = YES;
				CLANG_WARN_CONSTANT_CONVERSION = YES;
				CLANG_WARN_DEPRECATED_OBJC_IMPLEMENTATIONS = YES;
				CLANG_WARN_DIRECT_OBJC_ISA_USAGE = YES_ERROR;
				CLANG_WARN_DOCUMENTATION_COMMENTS = YES;
				CLANG_WARN_EMPTY_BODY = YES;
				CLANG_WARN_ENUM_CONVERSION = YES;
				CLANG_WARN_INFINITE_RECURSION = YES;
				CLANG_WARN_INT_CONVERSION = YES;
				CLANG_WARN_NON_LITERAL_NULL_CONVERSION = YES;
				CLANG_WARN_OBJC_IMPLICIT_RETAIN_SELF = YES;
				CLANG_WARN_OBJC_LITERAL_CONVERSION = YES;
				CLANG_WARN_OBJC_ROOT_CLASS = YES_ERROR;
				CLANG_WARN_QUOTED_INCLUDE_IN_FRAMEWORK_HEADER = YES;
				CLANG_WARN_RANGE_LOOP_ANALYSIS = YES;
				CLANG_WARN_STRICT_PROTOTYPES = YES;
				CLANG_WARN_SUSPICIOUS_MOVE = YES;
				CLANG_WARN_UNGUARDED_AVAILABILITY = YES_AGGRESSIVE;
				CLANG_WARN_UNREACHABLE_CODE = YES;
				CLANG_WARN__DUPLICATE_METHOD_MATCH = YES;
				COPY_PHASE_STRIP = NO;
				DEBUG_INFORMATION_FORMAT = "dwarf-with-dsym";
				ENABLE_NS_ASSERTIONS = NO;
				ENABLE_STRICT_OBJC_MSGSEND = YES;
				GCC_C_LANGUAGE_STANDARD = gnu11;
				GCC_NO_COMMON_BLOCKS = YES;
				GCC_WARN_64_TO_32_BIT_CONVERSION = YES;
				GCC_WARN_ABOUT_RETURN_TYPE = YES_ERROR;
				GCC_WARN_UNDECLARED_SELECTOR = YES;
				GCC_WARN_UNINITIALIZED_AUTOS = YES_AGGRESSIVE;
				GCC_WARN_UNUSED_FUNCTION = YES;
				GCC_WARN_UNUSED_VARIABLE = YES;
				IPHONEOS_DEPLOYMENT_TARGET = 14.3;
				MTL_ENABLE_DEBUG_INFO = NO;
				MTL_FAST_MATH = YES;
				SDKROOT = iphoneos;
				SWIFT_COMPILATION_MODE = wholemodule;
				SWIFT_OPTIMIZATION_LEVEL = "-O";
				VALIDATE_PRODUCT = YES;
			};
			name = Release;
		};
		F263F850260B725B001DDA77 /* Debug */ = {
			isa = XCBuildConfiguration;
			buildSettings = {
				ASSETCATALOG_COMPILER_APPICON_NAME = AppIcon;
				ASSETCATALOG_COMPILER_GLOBAL_ACCENT_COLOR_NAME = AccentColor;
				CODE_SIGN_STYLE = Automatic;
				INFOPLIST_FILE = Memorize/Info.plist;
				LD_RUNPATH_SEARCH_PATHS = (
					"$(inherited)",
					"@executable_path/Frameworks",
				);
				PRODUCT_BUNDLE_IDENTIFIER = com.arjunshukla.Memorize;
				PRODUCT_NAME = "$(TARGET_NAME)";
				SWIFT_VERSION = 5.0;
				TARGETED_DEVICE_FAMILY = "1,2";
			};
			name = Debug;
		};
		F263F851260B725B001DDA77 /* Release */ = {
			isa = XCBuildConfiguration;
			buildSettings = {
				ASSETCATALOG_COMPILER_APPICON_NAME = AppIcon;
				ASSETCATALOG_COMPILER_GLOBAL_ACCENT_COLOR_NAME = AccentColor;
				CODE_SIGN_STYLE = Automatic;
				INFOPLIST_FILE = Memorize/Info.plist;
				LD_RUNPATH_SEARCH_PATHS = (
					"$(inherited)",
					"@executable_path/Frameworks",
				);
				PRODUCT_BUNDLE_IDENTIFIER = com.arjunshukla.Memorize;
				PRODUCT_NAME = "$(TARGET_NAME)";
				SWIFT_VERSION = 5.0;
				TARGETED_DEVICE_FAMILY = "1,2";
			};
			name = Release;
		};
/* End XCBuildConfiguration section */

/* Begin XCConfigurationList section */
		F263F836260B725A001DDA77 /* Build configuration list for PBXProject "Memorize" */ = {
			isa = XCConfigurationList;
			buildConfigurations = (
				F263F84D260B725B001DDA77 /* Debug */,
				F263F84E260B725B001DDA77 /* Release */,
			);
			defaultConfigurationIsVisible = 0;
			defaultConfigurationName = Release;
		};
		F263F84F260B725B001DDA77 /* Build configuration list for PBXNativeTarget "Memorize" */ = {
			isa = XCConfigurationList;
			buildConfigurations = (
				F263F850260B725B001DDA77 /* Debug */,
				F263F851260B725B001DDA77 /* Release */,
			);
			defaultConfigurationIsVisible = 0;
			defaultConfigurationName = Release;
		};
/* End XCConfigurationList section */
	};
	rootObject = F263F833260B725A001DDA77 /* Project object */;
}
